// !$*UTF8*$!
{
	archiveVersion = 1;
	classes = {
	};
	objectVersion = 60;
	objects = {

/* Begin PBXBuildFile section */
		74B565C92E9EB28F008F3E50 /* AppDelegate.swift in Sources */ = {isa = PBXBuildFile; fileRef = 74B565BF2E9EB28F008F3E50 /* AppDelegate.swift */; };
		74B565CA2E9EB28F008F3E50 /* SceneDelegate.swift in Sources */ = {isa = PBXBuildFile; fileRef = 74B565C62E9EB28F008F3E50 /* SceneDelegate.swift */; };
		74B565CB2E9EB28F008F3E50 /* ViewController.swift in Sources */ = {isa = PBXBuildFile; fileRef = 74B565C72E9EB28F008F3E50 /* ViewController.swift */; };
		74B565CC2E9EB28F008F3E50 /* Assets.xcassets in Resources */ = {isa = PBXBuildFile; fileRef = 74B565C02E9EB28F008F3E50 /* Assets.xcassets */; };
		74B565CE2E9EB28F008F3E50 /* LaunchScreen.storyboard in Resources */ = {isa = PBXBuildFile; fileRef = 74B565C32E9EB28F008F3E50 /* LaunchScreen.storyboard */; };
		74B565CF2E9EB28F008F3E50 /* Main.storyboard in Resources */ = {isa = PBXBuildFile; fileRef = 74B565C52E9EB28F008F3E50 /* Main.storyboard */; };
		74B565EE2E9EB300008F3E50 /* Activity.swift in Sources */ = {isa = PBXBuildFile; fileRef = 74B565ED2E9EB300008F3E50 /* Activity.swift */; };
		74B565F22E9EB3B2008F3E50 /* StartView.swift in Sources */ = {isa = PBXBuildFile; fileRef = 74B565F12E9EB3B2008F3E50 /* StartView.swift */; };
		74B565FA2E9EB480008F3E50 /* BlurView.swift in Sources */ = {isa = PBXBuildFile; fileRef = 74B565F32E9EB480008F3E50 /* BlurView.swift */; };
		74B565FB2E9EB480008F3E50 /* BreathingBackgroundView.swift in Sources */ = {isa = PBXBuildFile; fileRef = 74B565F42E9EB480008F3E50 /* BreathingBackgroundView.swift */; };
		74B565FC2E9EB480008F3E50 /* CustomInputField.swift in Sources */ = {isa = PBXBuildFile; fileRef = 74B565F52E9EB480008F3E50 /* CustomInputField.swift */; };
		74B565FD2E9EB480008F3E50 /* CustomSegmentedPicker.swift in Sources */ = {isa = PBXBuildFile; fileRef = 74B565F62E9EB480008F3E50 /* CustomSegmentedPicker.swift */; };
		74B565FE2E9EB480008F3E50 /* FitnessCard.swift in Sources */ = {isa = PBXBuildFile; fileRef = 74B565F72E9EB480008F3E50 /* FitnessCard.swift */; };
		74B565FF2E9EB480008F3E50 /* ParticleEffectView.swift in Sources */ = {isa = PBXBuildFile; fileRef = 74B565F82E9EB480008F3E50 /* ParticleEffectView.swift */; };
		74B566022E9EB483008F3E50 /* AppTheme.swift in Sources */ = {isa = PBXBuildFile; fileRef = 74B566002E9EB483008F3E50 /* AppTheme.swift */; };
		74B5660A2E9EB485008F3E50 /* AchievementsView.swift in Sources */ = {isa = PBXBuildFile; fileRef = 74B566032E9EB485008F3E50 /* AchievementsView.swift */; };
		74B5660B2E9EB485008F3E50 /* ContentView.swift in Sources */ = {isa = PBXBuildFile; fileRef = 74B566042E9EB485008F3E50 /* ContentView.swift */; };
		74B5660C2E9EB485008F3E50 /* FitnessView.swift in Sources */ = {isa = PBXBuildFile; fileRef = 74B566052E9EB485008F3E50 /* FitnessView.swift */; };
		74B5660D2E9EB485008F3E50 /* HistoryView.swift in Sources */ = {isa = PBXBuildFile; fileRef = 74B566062E9EB485008F3E50 /* HistoryView.swift */; };
		74B5660E2E9EB485008F3E50 /* OnboardingView.swift in Sources */ = {isa = PBXBuildFile; fileRef = 74B566072E9EB485008F3E50 /* OnboardingView.swift */; };
		74B5660F2E9EB485008F3E50 /* SettingsView.swift in Sources */ = {isa = PBXBuildFile; fileRef = 74B566082E9EB485008F3E50 /* SettingsView.swift */; };
/* End PBXBuildFile section */

/* Begin PBXFileReference section */
		4B297EEA808FFEA3C37319AC /* Pods_FitnesTimePro.framework */ = {isa = PBXFileReference; explicitFileType = wrapper.framework; includeInIndex = 0; path = Pods_FitnesTimePro.framework; sourceTree = BUILT_PRODUCTS_DIR; };
		53C83BBCB2A67724FC5A9A04 /* Pods-FitnesTimePro.debug.xcconfig */ = {isa = PBXFileReference; includeInIndex = 1; lastKnownFileType = text.xcconfig; name = "Pods-FitnesTimePro.debug.xcconfig"; path = "Target Support Files/Pods-FitnesTimePro/Pods-FitnesTimePro.debug.xcconfig"; sourceTree = "<group>"; };
		74B565A72E9EB26C008F3E50 /* FitnesTimePro.app */ = {isa = PBXFileReference; explicitFileType = wrapper.application; includeInIndex = 0; path = FitnesTimePro.app; sourceTree = BUILT_PRODUCTS_DIR; };
		74B565BF2E9EB28F008F3E50 /* AppDelegate.swift */ = {isa = PBXFileReference; lastKnownFileType = sourcecode.swift; path = AppDelegate.swift; sourceTree = "<group>"; };
		74B565C02E9EB28F008F3E50 /* Assets.xcassets */ = {isa = PBXFileReference; lastKnownFileType = folder.assetcatalog; path = Assets.xcassets; sourceTree = "<group>"; };
		74B565C12E9EB28F008F3E50 /* Info.plist */ = {isa = PBXFileReference; lastKnownFileType = text.plist.xml; path = Info.plist; sourceTree = "<group>"; };
		74B565C22E9EB28F008F3E50 /* Base */ = {isa = PBXFileReference; lastKnownFileType = file.storyboard; name = Base; path = Base.lproj/LaunchScreen.storyboard; sourceTree = "<group>"; };
		74B565C42E9EB28F008F3E50 /* Base */ = {isa = PBXFileReference; lastKnownFileType = file.storyboard; name = Base; path = Base.lproj/Main.storyboard; sourceTree = "<group>"; };
		74B565C62E9EB28F008F3E50 /* SceneDelegate.swift */ = {isa = PBXFileReference; lastKnownFileType = sourcecode.swift; path = SceneDelegate.swift; sourceTree = "<group>"; };
		74B565C72E9EB28F008F3E50 /* ViewController.swift */ = {isa = PBXFileReference; lastKnownFileType = sourcecode.swift; path = ViewController.swift; sourceTree = "<group>"; };
		74B565ED2E9EB300008F3E50 /* Activity.swift */ = {isa = PBXFileReference; lastKnownFileType = sourcecode.swift; path = Activity.swift; sourceTree = "<group>"; };
		74B565F12E9EB3B2008F3E50 /* StartView.swift */ = {isa = PBXFileReference; lastKnownFileType = sourcecode.swift; path = StartView.swift; sourceTree = "<group>"; };
		74B565F32E9EB480008F3E50 /* BlurView.swift */ = {isa = PBXFileReference; lastKnownFileType = sourcecode.swift; path = BlurView.swift; sourceTree = "<group>"; };
		74B565F42E9EB480008F3E50 /* BreathingBackgroundView.swift */ = {isa = PBXFileReference; lastKnownFileType = sourcecode.swift; path = BreathingBackgroundView.swift; sourceTree = "<group>"; };
		74B565F52E9EB480008F3E50 /* CustomInputField.swift */ = {isa = PBXFileReference; lastKnownFileType = sourcecode.swift; path = CustomInputField.swift; sourceTree = "<group>"; };
		74B565F62E9EB480008F3E50 /* CustomSegmentedPicker.swift */ = {isa = PBXFileReference; lastKnownFileType = sourcecode.swift; path = CustomSegmentedPicker.swift; sourceTree = "<group>"; };
		74B565F72E9EB480008F3E50 /* FitnessCard.swift */ = {isa = PBXFileReference; lastKnownFileType = sourcecode.swift; path = FitnessCard.swift; sourceTree = "<group>"; };
		74B565F82E9EB480008F3E50 /* ParticleEffectView.swift */ = {isa = PBXFileReference; lastKnownFileType = sourcecode.swift; path = ParticleEffectView.swift; sourceTree = "<group>"; };
		74B566002E9EB483008F3E50 /* AppTheme.swift */ = {isa = PBXFileReference; lastKnownFileType = sourcecode.swift; path = AppTheme.swift; sourceTree = "<group>"; };
		74B566032E9EB485008F3E50 /* AchievementsView.swift */ = {isa = PBXFileReference; lastKnownFileType = sourcecode.swift; path = AchievementsView.swift; sourceTree = "<group>"; };
		74B566042E9EB485008F3E50 /* ContentView.swift */ = {isa = PBXFileReference; lastKnownFileType = sourcecode.swift; path = ContentView.swift; sourceTree = "<group>"; };
		74B566052E9EB485008F3E50 /* FitnessView.swift */ = {isa = PBXFileReference; lastKnownFileType = sourcecode.swift; path = FitnessView.swift; sourceTree = "<group>"; };
		74B566062E9EB485008F3E50 /* HistoryView.swift */ = {isa = PBXFileReference; lastKnownFileType = sourcecode.swift; path = HistoryView.swift; sourceTree = "<group>"; };
		74B566072E9EB485008F3E50 /* OnboardingView.swift */ = {isa = PBXFileReference; lastKnownFileType = sourcecode.swift; path = OnboardingView.swift; sourceTree = "<group>"; };
		74B566082E9EB485008F3E50 /* SettingsView.swift */ = {isa = PBXFileReference; lastKnownFileType = sourcecode.swift; path = SettingsView.swift; sourceTree = "<group>"; };
		E4E296A3C59DDC7E54E9DA43 /* Pods-FitnesTimePro.release.xcconfig */ = {isa = PBXFileReference; includeInIndex = 1; lastKnownFileType = text.xcconfig; name = "Pods-FitnesTimePro.release.xcconfig"; path = "Target Support Files/Pods-FitnesTimePro/Pods-FitnesTimePro.release.xcconfig"; sourceTree = "<group>"; };
/* End PBXFileReference section */

/* Begin PBXFrameworksBuildPhase section */
		74B565A42E9EB26C008F3E50 /* Frameworks */ = {
			isa = PBXFrameworksBuildPhase;
			buildActionMask = 2147483647;
			files = (
			);
			runOnlyForDeploymentPostprocessing = 0;
		};
/* End PBXFrameworksBuildPhase section */

/* Begin PBXGroup section */
		375EF3D464F603E7773EE731 /* Frameworks */ = {
			isa = PBXGroup;
			children = (
				4B297EEA808FFEA3C37319AC /* Pods_FitnesTimePro.framework */,
			);
			name = Frameworks;
			sourceTree = "<group>";
		};
		74B5659E2E9EB26C008F3E50 = {
			isa = PBXGroup;
			children = (
				74B565C82E9EB28F008F3E50 /* FitnesTimePro */,
				74B565A82E9EB26C008F3E50 /* Products */,
				E3AD628E98CE6DD532D8FEA8 /* Pods */,
				375EF3D464F603E7773EE731 /* Frameworks */,
			);
			sourceTree = "<group>";
		};
		74B565A82E9EB26C008F3E50 /* Products */ = {
			isa = PBXGroup;
			children = (
				74B565A72E9EB26C008F3E50 /* FitnesTimePro.app */,
			);
			name = Products;
			sourceTree = "<group>";
		};
		74B565C82E9EB28F008F3E50 /* FitnesTimePro */ = {
			isa = PBXGroup;
			children = (
				74B565BF2E9EB28F008F3E50 /* AppDelegate.swift */,
				74B565C02E9EB28F008F3E50 /* Assets.xcassets */,
				74B565C12E9EB28F008F3E50 /* Info.plist */,
				74B565C32E9EB28F008F3E50 /* LaunchScreen.storyboard */,
				74B565C52E9EB28F008F3E50 /* Main.storyboard */,
				74B565C62E9EB28F008F3E50 /* SceneDelegate.swift */,
				74B565C72E9EB28F008F3E50 /* ViewController.swift */,
				74B565F92E9EB480008F3E50 /* Components */,
				74B566012E9EB483008F3E50 /* Styles */,
				74B566092E9EB485008F3E50 /* Views */,
				74B565ED2E9EB300008F3E50 /* Activity.swift */,
				74B565F12E9EB3B2008F3E50 /* StartView.swift */,
			);
			path = FitnesTimePro;
			sourceTree = "<group>";
		};
		74B565F92E9EB480008F3E50 /* Components */ = {
			isa = PBXGroup;
			children = (
				74B565F32E9EB480008F3E50 /* BlurView.swift */,
				74B565F42E9EB480008F3E50 /* BreathingBackgroundView.swift */,
				74B565F52E9EB480008F3E50 /* CustomInputField.swift */,
				74B565F62E9EB480008F3E50 /* CustomSegmentedPicker.swift */,
				74B565F72E9EB480008F3E50 /* FitnessCard.swift */,
				74B565F82E9EB480008F3E50 /* ParticleEffectView.swift */,
			);
			path = Components;
			sourceTree = "<group>";
		};
		74B566012E9EB483008F3E50 /* Styles */ = {
			isa = PBXGroup;
			children = (
				74B566002E9EB483008F3E50 /* AppTheme.swift */,
			);
			path = Styles;
			sourceTree = "<group>";
		};
		74B566092E9EB485008F3E50 /* Views */ = {
			isa = PBXGroup;
			children = (
				74B566032E9EB485008F3E50 /* AchievementsView.swift */,
				74B566042E9EB485008F3E50 /* ContentView.swift */,
				74B566052E9EB485008F3E50 /* FitnessView.swift */,
				74B566062E9EB485008F3E50 /* HistoryView.swift */,
				74B566072E9EB485008F3E50 /* OnboardingView.swift */,
				74B566082E9EB485008F3E50 /* SettingsView.swift */,
			);
			path = Views;
			sourceTree = "<group>";
		};
		E3AD628E98CE6DD532D8FEA8 /* Pods */ = {
			isa = PBXGroup;
			children = (
				53C83BBCB2A67724FC5A9A04 /* Pods-FitnesTimePro.debug.xcconfig */,
				E4E296A3C59DDC7E54E9DA43 /* Pods-FitnesTimePro.release.xcconfig */,
			);
			path = Pods;
			sourceTree = "<group>";
		};
/* End PBXGroup section */

/* Begin PBXNativeTarget section */
		74B565A62E9EB26C008F3E50 /* FitnesTimePro */ = {
			isa = PBXNativeTarget;
			buildConfigurationList = 74B565BA2E9EB26D008F3E50 /* Build configuration list for PBXNativeTarget "FitnesTimePro" */;
			buildPhases = (
				C40F916F8C69B9F59AED2248 /* [CP] Check Pods Manifest.lock */,
				74B565A32E9EB26C008F3E50 /* Sources */,
				74B565A42E9EB26C008F3E50 /* Frameworks */,
				74B565A52E9EB26C008F3E50 /* Resources */,
			);
			buildRules = (
			);
			dependencies = (
			);
			name = FitnesTimePro;
			productName = FitnesTimePro;
			productReference = 74B565A72E9EB26C008F3E50 /* FitnesTimePro.app */;
			productType = "com.apple.product-type.application";
		};
/* End PBXNativeTarget section */

/* Begin PBXProject section */
		74B5659F2E9EB26C008F3E50 /* Project object */ = {
			isa = PBXProject;
			attributes = {
				BuildIndependentTargetsInParallel = 1;
				LastSwiftUpdateCheck = 2600;
				LastUpgradeCheck = 2600;
				TargetAttributes = {
					74B565A62E9EB26C008F3E50 = {
						CreatedOnToolsVersion = 26.0;
					};
				};
			};
			buildConfigurationList = 74B565A22E9EB26C008F3E50 /* Build configuration list for PBXProject "FitnesTimePro" */;
			compatibilityVersion = "Xcode 15.0";
			developmentRegion = en;
			hasScannedForEncodings = 0;
			knownRegions = (
				en,
				Base,
			);
			mainGroup = 74B5659E2E9EB26C008F3E50;
			productRefGroup = 74B565A82E9EB26C008F3E50 /* Products */;
			projectDirPath = "";
			projectRoot = "";
			targets = (
				74B565A62E9EB26C008F3E50 /* FitnesTimePro */,
			);
		};
/* End PBXProject section */

/* Begin PBXResourcesBuildPhase section */
		74B565A52E9EB26C008F3E50 /* Resources */ = {
			isa = PBXResourcesBuildPhase;
			buildActionMask = 2147483647;
			files = (
				74B565CC2E9EB28F008F3E50 /* Assets.xcassets in Resources */,
				74B565CE2E9EB28F008F3E50 /* LaunchScreen.storyboard in Resources */,
				74B565CF2E9EB28F008F3E50 /* Main.storyboard in Resources */,
			);
			runOnlyForDeploymentPostprocessing = 0;
		};
/* End PBXResourcesBuildPhase section */

/* Begin PBXShellScriptBuildPhase section */
		C40F916F8C69B9F59AED2248 /* [CP] Check Pods Manifest.lock */ = {
			isa = PBXShellScriptBuildPhase;
			buildActionMask = 2147483647;
			files = (
			);
			inputFileListPaths = (
			);
			inputPaths = (
				"${PODS_PODFILE_DIR_PATH}/Podfile.lock",
				"${PODS_ROOT}/Manifest.lock",
			);
			name = "[CP] Check Pods Manifest.lock";
			outputFileListPaths = (
			);
			outputPaths = (
				"$(DERIVED_FILE_DIR)/Pods-FitnesTimePro-checkManifestLockResult.txt",
			);
			runOnlyForDeploymentPostprocessing = 0;
			shellPath = /bin/sh;
			shellScript = "diff \"${PODS_PODFILE_DIR_PATH}/Podfile.lock\" \"${PODS_ROOT}/Manifest.lock\" > /dev/null\nif [ $? != 0 ] ; then\n    # print error to STDERR\n    echo \"error: The sandbox is not in sync with the Podfile.lock. Run 'pod install' or update your CocoaPods installation.\" >&2\n    exit 1\nfi\n# This output is used by Xcode 'outputs' to avoid re-running this script phase.\necho \"SUCCESS\" > \"${SCRIPT_OUTPUT_FILE_0}\"\n";
			showEnvVarsInLog = 0;
		};
/* End PBXShellScriptBuildPhase section */

/* Begin PBXSourcesBuildPhase section */
		74B565A32E9EB26C008F3E50 /* Sources */ = {
			isa = PBXSourcesBuildPhase;
			buildActionMask = 2147483647;
			files = (
				74B565EE2E9EB300008F3E50 /* Activity.swift in Sources */,
				74B5660A2E9EB485008F3E50 /* AchievementsView.swift in Sources */,
				74B5660B2E9EB485008F3E50 /* ContentView.swift in Sources */,
				74B5660C2E9EB485008F3E50 /* FitnessView.swift in Sources */,
				74B5660D2E9EB485008F3E50 /* HistoryView.swift in Sources */,
				74B5660E2E9EB485008F3E50 /* OnboardingView.swift in Sources */,
				74B5660F2E9EB485008F3E50 /* SettingsView.swift in Sources */,
				74B565C92E9EB28F008F3E50 /* AppDelegate.swift in Sources */,
				74B565FA2E9EB480008F3E50 /* BlurView.swift in Sources */,
				74B566022E9EB483008F3E50 /* AppTheme.swift in Sources */,
				74B565FB2E9EB480008F3E50 /* BreathingBackgroundView.swift in Sources */,
				74B565FC2E9EB480008F3E50 /* CustomInputField.swift in Sources */,
				74B565FD2E9EB480008F3E50 /* CustomSegmentedPicker.swift in Sources */,
				74B565FE2E9EB480008F3E50 /* FitnessCard.swift in Sources */,
				74B565FF2E9EB480008F3E50 /* ParticleEffectView.swift in Sources */,
				74B565F22E9EB3B2008F3E50 /* StartView.swift in Sources */,
				74B565CA2E9EB28F008F3E50 /* SceneDelegate.swift in Sources */,
				74B565CB2E9EB28F008F3E50 /* ViewController.swift in Sources */,
			);
			runOnlyForDeploymentPostprocessing = 0;
		};
/* End PBXSourcesBuildPhase section */

/* Begin PBXVariantGroup section */
		74B565C32E9EB28F008F3E50 /* LaunchScreen.storyboard */ = {
			isa = PBXVariantGroup;
			children = (
				74B565C22E9EB28F008F3E50 /* Base */,
			);
			name = LaunchScreen.storyboard;
			sourceTree = "<group>";
		};
		74B565C52E9EB28F008F3E50 /* Main.storyboard */ = {
			isa = PBXVariantGroup;
			children = (
				74B565C42E9EB28F008F3E50 /* Base */,
			);
			name = Main.storyboard;
			sourceTree = "<group>";
		};
/* End PBXVariantGroup section */

/* Begin XCBuildConfiguration section */
		74B565BB2E9EB26D008F3E50 /* Debug */ = {
			isa = XCBuildConfiguration;
			baseConfigurationReference = 53C83BBCB2A67724FC5A9A04 /* Pods-FitnesTimePro.debug.xcconfig */;
			buildSettings = {
				ASSETCATALOG_COMPILER_APPICON_NAME = AppIcon;
				ASSETCATALOG_COMPILER_GLOBAL_ACCENT_COLOR_NAME = AccentColor;
				CODE_SIGN_STYLE = Automatic;
				CURRENT_PROJECT_VERSION = 1;
				GENERATE_INFOPLIST_FILE = YES;
				INFOPLIST_FILE = FitnesTimePro/Info.plist;
				INFOPLIST_KEY_UIApplicationSupportsIndirectInputEvents = YES;
				INFOPLIST_KEY_UILaunchStoryboardName = LaunchScreen;
				INFOPLIST_KEY_UIMainStoryboardFile = Main;
				INFOPLIST_KEY_UISupportedInterfaceOrientations = UIInterfaceOrientationPortrait;
				INFOPLIST_KEY_UISupportedInterfaceOrientations_iPad = "UIInterfaceOrientationLandscapeLeft UIInterfaceOrientationLandscapeRight UIInterfaceOrientationPortrait UIInterfaceOrientationPortraitUpsideDown";
				IPHONEOS_DEPLOYMENT_TARGET = 16.6;
				LD_RUNPATH_SEARCH_PATHS = (
					"$(inherited)",
					"@executable_path/Frameworks",
				);
				MARKETING_VERSION = 1.0;
				PRODUCT_BUNDLE_IDENTIFIER = com.phu.f1tn3sst1m3p0r;
				PRODUCT_NAME = "$(TARGET_NAME)";
				STRING_CATALOG_GENERATE_SYMBOLS = YES;
				SUPPORTED_PLATFORMS = "iphoneos iphonesimulator";
				SUPPORTS_MACCATALYST = NO;
				SUPPORTS_MAC_DESIGNED_FOR_IPHONE_IPAD = NO;
				SUPPORTS_XR_DESIGNED_FOR_IPHONE_IPAD = NO;
				SWIFT_APPROACHABLE_CONCURRENCY = YES;
				SWIFT_DEFAULT_ACTOR_ISOLATION = MainActor;
				SWIFT_EMIT_LOC_STRINGS = YES;
				SWIFT_UPCOMING_FEATURE_MEMBER_IMPORT_VISIBILITY = YES;
				SWIFT_VERSION = 5.0;
				TARGETED_DEVICE_FAMILY = 1;
			};
			name = Debug;
		};
		74B565BC2E9EB26D008F3E50 /* Release */ = {
			isa = XCBuildConfiguration;
			baseConfigurationReference = E4E296A3C59DDC7E54E9DA43 /* Pods-FitnesTimePro.release.xcconfig */;
			buildSettings = {
				ASSETCATALOG_COMPILER_APPICON_NAME = AppIcon;
				ASSETCATALOG_COMPILER_GLOBAL_ACCENT_COLOR_NAME = AccentColor;
				CODE_SIGN_STYLE = Automatic;
				CURRENT_PROJECT_VERSION = 1;
				GENERATE_INFOPLIST_FILE = YES;
				INFOPLIST_FILE = FitnesTimePro/Info.plist;
				INFOPLIST_KEY_UIApplicationSupportsIndirectInputEvents = YES;
				INFOPLIST_KEY_UILaunchStoryboardName = LaunchScreen;
				INFOPLIST_KEY_UIMainStoryboardFile = Main;
				INFOPLIST_KEY_UISupportedInterfaceOrientations = UIInterfaceOrientationPortrait;
				INFOPLIST_KEY_UISupportedInterfaceOrientations_iPad = "UIInterfaceOrientationLandscapeLeft UIInterfaceOrientationLandscapeRight UIInterfaceOrientationPortrait UIInterfaceOrientationPortraitUpsideDown";
				IPHONEOS_DEPLOYMENT_TARGET = 16.6;
				LD_RUNPATH_SEARCH_PATHS = (
					"$(inherited)",
					"@executable_path/Frameworks",
				);
				MARKETING_VERSION = 1.0;
				PRODUCT_BUNDLE_IDENTIFIER = com.phu.f1tn3sst1m3p0r;
				PRODUCT_NAME = "$(TARGET_NAME)";
				STRING_CATALOG_GENERATE_SYMBOLS = YES;
				SUPPORTED_PLATFORMS = "iphoneos iphonesimulator";
				SUPPORTS_MACCATALYST = NO;
				SUPPORTS_MAC_DESIGNED_FOR_IPHONE_IPAD = NO;
				SUPPORTS_XR_DESIGNED_FOR_IPHONE_IPAD = NO;
				SWIFT_APPROACHABLE_CONCURRENCY = YES;
				SWIFT_DEFAULT_ACTOR_ISOLATION = MainActor;
				SWIFT_EMIT_LOC_STRINGS = YES;
				SWIFT_UPCOMING_FEATURE_MEMBER_IMPORT_VISIBILITY = YES;
				SWIFT_VERSION = 5.0;
				TARGETED_DEVICE_FAMILY = 1;
			};
			name = Release;
		};
		74B565BD2E9EB26D008F3E50 /* Debug */ = {
			isa = XCBuildConfiguration;
			buildSettings = {
				ALWAYS_SEARCH_USER_PATHS = NO;
				ASSETCATALOG_COMPILER_GENERATE_SWIFT_ASSET_SYMBOL_EXTENSIONS = YES;
				CLANG_ANALYZER_NONNULL = YES;
				CLANG_ANALYZER_NUMBER_OBJECT_CONVERSION = YES_AGGRESSIVE;
				CLANG_CXX_LANGUAGE_STANDARD = "gnu++20";
				CLANG_ENABLE_MODULES = YES;
				CLANG_ENABLE_OBJC_ARC = YES;
				CLANG_ENABLE_OBJC_WEAK = YES;
				CLANG_WARN_BLOCK_CAPTURE_AUTORELEASING = YES;
				CLANG_WARN_BOOL_CONVERSION = YES;
				CLANG_WARN_COMMA = YES;
				CLANG_WARN_CONSTANT_CONVERSION = YES;
				CLANG_WARN_DEPRECATED_OBJC_IMPLEMENTATIONS = YES;
				CLANG_WARN_DIRECT_OBJC_ISA_USAGE = YES_ERROR;
				CLANG_WARN_DOCUMENTATION_COMMENTS = YES;
				CLANG_WARN_EMPTY_BODY = YES;
				CLANG_WARN_ENUM_CONVERSION = YES;
				CLANG_WARN_INFINITE_RECURSION = YES;
				CLANG_WARN_INT_CONVERSION = YES;
				CLANG_WARN_NON_LITERAL_NULL_CONVERSION = YES;
				CLANG_WARN_OBJC_IMPLICIT_RETAIN_SELF = YES;
				CLANG_WARN_OBJC_LITERAL_CONVERSION = YES;
				CLANG_WARN_OBJC_ROOT_CLASS = YES_ERROR;
				CLANG_WARN_QUOTED_INCLUDE_IN_FRAMEWORK_HEADER = YES;
				CLANG_WARN_RANGE_LOOP_ANALYSIS = YES;
				CLANG_WARN_STRICT_PROTOTYPES = YES;
				CLANG_WARN_SUSPICIOUS_MOVE = YES;
				CLANG_WARN_UNGUARDED_AVAILABILITY = YES_AGGRESSIVE;
				CLANG_WARN_UNREACHABLE_CODE = YES;
				CLANG_WARN__DUPLICATE_METHOD_MATCH = YES;
				COPY_PHASE_STRIP = NO;
				DEBUG_INFORMATION_FORMAT = dwarf;
				ENABLE_STRICT_OBJC_MSGSEND = YES;
				ENABLE_TESTABILITY = YES;
				ENABLE_USER_SCRIPT_SANDBOXING = YES;
				GCC_C_LANGUAGE_STANDARD = gnu17;
				GCC_DYNAMIC_NO_PIC = NO;
				GCC_NO_COMMON_BLOCKS = YES;
				GCC_OPTIMIZATION_LEVEL = 0;
				GCC_PREPROCESSOR_DEFINITIONS = (
					"DEBUG=1",
					"$(inherited)",
				);
				GCC_WARN_64_TO_32_BIT_CONVERSION = YES;
				GCC_WARN_ABOUT_RETURN_TYPE = YES_ERROR;
				GCC_WARN_UNDECLARED_SELECTOR = YES;
				GCC_WARN_UNINITIALIZED_AUTOS = YES_AGGRESSIVE;
				GCC_WARN_UNUSED_FUNCTION = YES;
				GCC_WARN_UNUSED_VARIABLE = YES;
				IPHONEOS_DEPLOYMENT_TARGET = 26.0;
				LOCALIZATION_PREFERS_STRING_CATALOGS = YES;
				MTL_ENABLE_DEBUG_INFO = INCLUDE_SOURCE;
				MTL_FAST_MATH = YES;
				ONLY_ACTIVE_ARCH = YES;
				SDKROOT = iphoneos;
				SWIFT_ACTIVE_COMPILATION_CONDITIONS = "DEBUG $(inherited)";
				SWIFT_OPTIMIZATION_LEVEL = "-Onone";
			};
			name = Debug;
		};
		74B565BE2E9EB26D008F3E50 /* Release */ = {
			isa = XCBuildConfiguration;
			buildSettings = {
				ALWAYS_SEARCH_USER_PATHS = NO;
				ASSETCATALOG_COMPILER_GENERATE_SWIFT_ASSET_SYMBOL_EXTENSIONS = YES;
				CLANG_ANALYZER_NONNULL = YES;
				CLANG_ANALYZER_NUMBER_OBJECT_CONVERSION = YES_AGGRESSIVE;
				CLANG_CXX_LANGUAGE_STANDARD = "gnu++20";
				CLANG_ENABLE_MODULES = YES;
				CLANG_ENABLE_OBJC_ARC = YES;
				CLANG_ENABLE_OBJC_WEAK = YES;
				CLANG_WARN_BLOCK_CAPTURE_AUTORELEASING = YES;
				CLANG_WARN_BOOL_CONVERSION = YES;
				CLANG_WARN_COMMA = YES;
				CLANG_WARN_CONSTANT_CONVERSION = YES;
				CLANG_WARN_DEPRECATED_OBJC_IMPLEMENTATIONS = YES;
				CLANG_WARN_DIRECT_OBJC_ISA_USAGE = YES_ERROR;
				CLANG_WARN_DOCUMENTATION_COMMENTS = YES;
				CLANG_WARN_EMPTY_BODY = YES;
				CLANG_WARN_ENUM_CONVERSION = YES;
				CLANG_WARN_INFINITE_RECURSION = YES;
				CLANG_WARN_INT_CONVERSION = YES;
				CLANG_WARN_NON_LITERAL_NULL_CONVERSION = YES;
				CLANG_WARN_OBJC_IMPLICIT_RETAIN_SELF = YES;
				CLANG_WARN_OBJC_LITERAL_CONVERSION = YES;
				CLANG_WARN_OBJC_ROOT_CLASS = YES_ERROR;
				CLANG_WARN_QUOTED_INCLUDE_IN_FRAMEWORK_HEADER = YES;
				CLANG_WARN_RANGE_LOOP_ANALYSIS = YES;
				CLANG_WARN_STRICT_PROTOTYPES = YES;
				CLANG_WARN_SUSPICIOUS_MOVE = YES;
				CLANG_WARN_UNGUARDED_AVAILABILITY = YES_AGGRESSIVE;
				CLANG_WARN_UNREACHABLE_CODE = YES;
				CLANG_WARN__DUPLICATE_METHOD_MATCH = YES;
				COPY_PHASE_STRIP = NO;
				DEBUG_INFORMATION_FORMAT = "dwarf-with-dsym";
				ENABLE_NS_ASSERTIONS = NO;
				ENABLE_STRICT_OBJC_MSGSEND = YES;
				ENABLE_USER_SCRIPT_SANDBOXING = YES;
				GCC_C_LANGUAGE_STANDARD = gnu17;
				GCC_NO_COMMON_BLOCKS = YES;
				GCC_WARN_64_TO_32_BIT_CONVERSION = YES;
				GCC_WARN_ABOUT_RETURN_TYPE = YES_ERROR;
				GCC_WARN_UNDECLARED_SELECTOR = YES;
				GCC_WARN_UNINITIALIZED_AUTOS = YES_AGGRESSIVE;
				GCC_WARN_UNUSED_FUNCTION = YES;
				GCC_WARN_UNUSED_VARIABLE = YES;
				IPHONEOS_DEPLOYMENT_TARGET = 26.0;
				LOCALIZATION_PREFERS_STRING_CATALOGS = YES;
				MTL_ENABLE_DEBUG_INFO = NO;
				MTL_FAST_MATH = YES;
				SDKROOT = iphoneos;
				SWIFT_COMPILATION_MODE = wholemodule;
				VALIDATE_PRODUCT = YES;
			};
			name = Release;
		};
/* End XCBuildConfiguration section */

/* Begin XCConfigurationList section */
		74B565A22E9EB26C008F3E50 /* Build configuration list for PBXProject "FitnesTimePro" */ = {
			isa = XCConfigurationList;
			buildConfigurations = (
				74B565BD2E9EB26D008F3E50 /* Debug */,
				74B565BE2E9EB26D008F3E50 /* Release */,
			);
			defaultConfigurationIsVisible = 0;
			defaultConfigurationName = Release;
		};
		74B565BA2E9EB26D008F3E50 /* Build configuration list for PBXNativeTarget "FitnesTimePro" */ = {
			isa = XCConfigurationList;
			buildConfigurations = (
				74B565BB2E9EB26D008F3E50 /* Debug */,
				74B565BC2E9EB26D008F3E50 /* Release */,
			);
			defaultConfigurationIsVisible = 0;
			defaultConfigurationName = Release;
		};
/* End XCConfigurationList section */
	};
	rootObject = 74B5659F2E9EB26C008F3E50 /* Project object */;
}
